
Microsoft Visual Studio Solution File, Format Version 12.00
# Visual Studio 15
MinimumVisualStudioVersion = 10.0.40219.1
Project("{FAE04EC0-301F-11D3-BF4B-00C04F79EFBC}") = "MLTWebAPIService", "MLTWebAPIService\MLTWebAPIService.csproj", "{1578EBBE-C6E6-42AF-807B-CAB18815CABC}"
EndProject
Global
	GlobalSection(SolutionConfigurationPlatforms) = preSolution
		Debug|Any CPU = Debug|Any CPU
		Release|Any CPU = Release|Any CPU
	EndGlobalSection
	GlobalSection(ProjectConfigurationPlatforms) = postSolution
		{1578EBBE-C6E6-42AF-807B-CAB18815CABC}.Debug|Any CPU.ActiveCfg = Debug|Any CPU
		{1578EBBE-C6E6-42AF-807B-CAB18815CABC}.Debug|Any CPU.Build.0 = Debug|Any CPU
		{1578EBBE-C6E6-42AF-807B-CAB18815CABC}.Release|Any CPU.ActiveCfg = Release|Any CPU
		{1578EBBE-C6E6-42AF-807B-CAB18815CABC}.Release|Any CPU.Build.0 = Release|Any CPU
	EndGlobalSection
	GlobalSection(SolutionProperties) = preSolution
		HideSolutionNode = FALSE
	EndGlobalSection
	GlobalSection(ExtensibilityGlobals) = postSolution
		SolutionGuid = {CC09B2F0-DAA1-4CE8-A210-D631A07B6F21}
	EndGlobalSection
EndGlobal
